
Microsoft Visual Studio Solution File, Format Version 12.00
# Visual Studio Version 16
VisualStudioVersion = 16.0.29911.84
MinimumVisualStudioVersion = 10.0.40219.1
Project("{8BC9CEB8-8B4A-11D0-8D11-00A0C91BC942}") = "2015597_DoanQuangHuy_BT1", "2015597_DoanQuangHuy_BT1\2015597_DoanQuangHuy_BT1.vcxproj", "{F37E147F-2B1F-4606-89ED-87A81B5D898B}"
EndProject
Global
	GlobalSection(SolutionConfigurationPlatforms) = preSolution
		Debug|x64 = Debug|x64
		Debug|x86 = Debug|x86
		Release|x64 = Release|x64
		Release|x86 = Release|x86
	EndGlobalSection
	GlobalSection(ProjectConfigurationPlatforms) = postSolution
		{F37E147F-2B1F-4606-89ED-87A81B5D898B}.Debug|x64.ActiveCfg = Debug|x64
		{F37E147F-2B1F-4606-89ED-87A81B5D898B}.Debug|x64.Build.0 = Debug|x64
		{F37E147F-2B1F-4606-89ED-87A81B5D898B}.Debug|x86.ActiveCfg = Debug|Win32
		{F37E147F-2B1F-4606-89ED-87A81B5D898B}.Debug|x86.Build.0 = Debug|Win32
		{F37E147F-2B1F-4606-89ED-87A81B5D898B}.Release|x64.ActiveCfg = Release|x64
		{F37E147F-2B1F-4606-89ED-87A81B5D898B}.Release|x64.Build.0 = Release|x64
		{F37E147F-2B1F-4606-89ED-87A81B5D898B}.Release|x86.ActiveCfg = Release|Win32
		{F37E147F-2B1F-4606-89ED-87A81B5D898B}.Release|x86.Build.0 = Release|Win32
	EndGlobalSection
	GlobalSection(SolutionProperties) = preSolution
		HideSolutionNode = FALSE
	EndGlobalSection
	GlobalSection(ExtensibilityGlobals) = postSolution
		SolutionGuid = {6280CE7A-1AB2-4B4C-B5CF-0D64DC59137B}
	EndGlobalSection
EndGlobal
