
Microsoft Visual Studio Solution File, Format Version 12.00
# Visual Studio Version 16
VisualStudioVersion = 16.0.29911.84
MinimumVisualStudioVersion = 10.0.40219.1
Project("{FAE04EC0-301F-11D3-BF4B-00C04F79EFBC}") = "QuanLyHinhHoc", "QuanLyHinhHoc\QuanLyHinhHoc.csproj", "{AE307775-7550-4276-B463-90F458370B9C}"
EndProject
Global
	GlobalSection(SolutionConfigurationPlatforms) = preSolution
		Debug|Any CPU = Debug|Any CPU
		Release|Any CPU = Release|Any CPU
	EndGlobalSection
	GlobalSection(ProjectConfigurationPlatforms) = postSolution
		{AE307775-7550-4276-B463-90F458370B9C}.Debug|Any CPU.ActiveCfg = Debug|Any CPU
		{AE307775-7550-4276-B463-90F458370B9C}.Debug|Any CPU.Build.0 = Debug|Any CPU
		{AE307775-7550-4276-B463-90F458370B9C}.Release|Any CPU.ActiveCfg = Release|Any CPU
		{AE307775-7550-4276-B463-90F458370B9C}.Release|Any CPU.Build.0 = Release|Any CPU
	EndGlobalSection
	GlobalSection(SolutionProperties) = preSolution
		HideSolutionNode = FALSE
	EndGlobalSection
	GlobalSection(ExtensibilityGlobals) = postSolution
		SolutionGuid = {CE1AED49-2D2B-4617-8F4A-CF072E843465}
	EndGlobalSection
EndGlobal
